<?xml version="1.0" encoding="utf-8"?>
<Project ToolsVersion="4.0" xmlns="http://schemas.microsoft.com/developer/msbuild/2003">
  <ItemGroup>
    <Filter Include="Source Files">
      <UniqueIdentifier>{4FC737F1-C7A5-4376-A066-2A32D752A2FF}</UniqueIdentifier>
      <Extensions>cpp;c;cc;cxx;def;odl;idl;hpj;bat;asm;asmx</Extensions>
    </Filter>
    <Filter Include="Header Files">
      <UniqueIdentifier>{93995380-89BD-4b04-88EB-625FBE52EBFB}</UniqueIdentifier>
      <Extensions>h;hpp;hxx;hm;inl;inc;xsd</Extensions>
    </Filter>
    <Filter Include="Resource Files">
      <UniqueIdentifier>{67DA6AB6-F800-4c08-8B7A-83BB121AAD01}</UniqueIdentifier>
      <Extensions>rc;ico;cur;bmp;dlg;rc2;rct;bin;rgs;gif;jpg;jpeg;jpe;resx;tiff;tif;png;wav;mfcribbon-ms</Extensions>
    </Filter>
    <Filter Include="Source Files\Shaders">
      <UniqueIdentifier>{1a1feb97-bbc5-46d8-91c0-ca18d85867d5}</UniqueIdentifier>
    </Filter>
    <Filter Include="Source Files\Shaders\Vertex">
      <UniqueIdentifier>{15f08a2b-878c-45c8-8b58-b2f1d61e8a6b}</UniqueIdentifier>
    </Filter>
    <Filter Include="Source Files\Shaders\Fragment">
      <UniqueIdentifier>{8fb08690-077f-4cf2-9c6a-a9c60cf87cae}</UniqueIdentifier>
    </Filter>
    <Filter Include="Header Files\DeferredBuffers">
      <UniqueIdentifier>{5935f633-bcbf-4765-9149-a2f02988eb05}</UniqueIdentifier>
    </Filter>
    <Filter Include="Header Files\DeferredBuffers\ModelManagement">
      <UniqueIdentifier>{ffefc50d-2833-4edc-9c44-f6f8adf322a0}</UniqueIdentifier>
    </Filter>
    <Filter Include="Source Files\DeferredBuffers">
      <UniqueIdentifier>{8c212779-aec2-4cef-bdfd-9306e55ec800}</UniqueIdentifier>
    </Filter>
    <Filter Include="Source Files\DeferredBuffers\ModelManagement">
      <UniqueIdentifier>{c26fd339-e102-4bb8-9221-1770b8f6e092}</UniqueIdentifier>
    </Filter>
    <Filter Include="Header Files\Collision">
      <UniqueIdentifier>{e1ec57e0-2ed8-4e72-92d7-63cdbe20b7d9}</UniqueIdentifier>
    </Filter>
    <Filter Include="Source Files\Collision">
      <UniqueIdentifier>{91c20c1d-51ca-4295-8d43-798466121c97}</UniqueIdentifier>
    </Filter>
  </ItemGroup>
  <ItemGroup>
    <ClInclude Include="Source\GBuffer.h">
      <Filter>Header Files\DeferredBuffers</Filter>
    </ClInclude>
    <ClInclude Include="Source\Texture.h">
      <Filter>Header Files\DeferredBuffers</Filter>
    </ClInclude>
    <ClInclude Include="Source\LightMesh.h">
      <Filter>Header Files\DeferredBuffers</Filter>
    </ClInclude>
    <ClInclude Include="Source\Shader.h">
      <Filter>Header Files\DeferredBuffers</Filter>
    </ClInclude>
    <ClInclude Include="Source\Light.h">
      <Filter>Header Files\DeferredBuffers</Filter>
    </ClInclude>
    <ClInclude Include="Source\ScreenQuadMesh.h">
      <Filter>Header Files\DeferredBuffers</Filter>
    </ClInclude>
    <ClInclude Include="Source\StaticMesh.h">
      <Filter>Header Files\DeferredBuffers</Filter>
    </ClInclude>
    <ClInclude Include="Source\BoneMesh.h">
      <Filter>Header Files\DeferredBuffers</Filter>
    </ClInclude>
    <ClInclude Include="Source\MeshCommon.h">
      <Filter>Header Files\DeferredBuffers</Filter>
    </ClInclude>
    <ClInclude Include="Source\ShadowBuffer.h">
      <Filter>Header Files\DeferredBuffers</Filter>
    </ClInclude>
    <ClInclude Include="Source\ShadowMap.h">
      <Filter>Header Files\DeferredBuffers</Filter>
    </ClInclude>
    <ClInclude Include="Source\LocalGame.h">
      <Filter>Header Files</Filter>
    </ClInclude>
    <ClInclude Include="Source\BaseModel.h">
      <Filter>Header Files\DeferredBuffers\ModelManagement</Filter>
    </ClInclude>
    <ClInclude Include="Source\StaticModel.h">
      <Filter>Header Files\DeferredBuffers\ModelManagement</Filter>
    </ClInclude>
    <ClInclude Include="Source\AnimatedModel.h">
      <Filter>Header Files\DeferredBuffers\ModelManagement</Filter>
    </ClInclude>
    <ClInclude Include="Source\ModelContainer.h">
      <Filter>Header Files\DeferredBuffers\ModelManagement</Filter>
    </ClInclude>
    <ClInclude Include="Source\DeferredBuffers.h">
      <Filter>Header Files</Filter>
    </ClInclude>
    <ClInclude Include="Source\Player.h">
      <Filter>Header Files</Filter>
    </ClInclude>
    <ClInclude Include="Source\Collision.h">
      <Filter>Header Files\Collision</Filter>
    </ClInclude>
  </ItemGroup>
  <ItemGroup>
    <ClCompile Include="Source\main.cpp">
      <Filter>Source Files</Filter>
    </ClCompile>
    <ClCompile Include="Source\Texture.cpp">
      <Filter>Source Files\DeferredBuffers</Filter>
    </ClCompile>
    <ClCompile Include="Source\GBuffer.cpp">
      <Filter>Source Files\DeferredBuffers</Filter>
    </ClCompile>
    <ClCompile Include="Source\LightMesh.cpp">
      <Filter>Source Files\DeferredBuffers</Filter>
    </ClCompile>
    <ClCompile Include="Source\Shader.cpp">
      <Filter>Source Files\DeferredBuffers</Filter>
    </ClCompile>
    <ClCompile Include="Source\StaticMesh.cpp">
      <Filter>Source Files\DeferredBuffers</Filter>
    </ClCompile>
    <ClCompile Include="Source\BoneMesh.cpp">
      <Filter>Source Files\DeferredBuffers</Filter>
    </ClCompile>
    <ClCompile Include="Source\ShadowBuffer.cpp">
      <Filter>Source Files\DeferredBuffers</Filter>
    </ClCompile>
    <ClCompile Include="Source\ShadowMap.cpp">
      <Filter>Source Files\DeferredBuffers</Filter>
    </ClCompile>
    <ClCompile Include="Source\LocalGame.cpp">
      <Filter>Source Files</Filter>
    </ClCompile>
    <ClCompile Include="Source\BaseModel.cpp">
      <Filter>Source Files\DeferredBuffers\ModelManagement</Filter>
    </ClCompile>
    <ClCompile Include="Source\StaticModel.cpp">
      <Filter>Source Files\DeferredBuffers\ModelManagement</Filter>
    </ClCompile>
    <ClCompile Include="Source\AnimatedModel.cpp">
      <Filter>Source Files\DeferredBuffers\ModelManagement</Filter>
    </ClCompile>
    <ClCompile Include="Source\ModelContainer.cpp">
      <Filter>Source Files\DeferredBuffers\ModelManagement</Filter>
    </ClCompile>
    <ClCompile Include="Source\DeferredBuffers.cpp">
      <Filter>Source Files</Filter>
    </ClCompile>
    <ClCompile Include="Source\Player.cpp">
      <Filter>Source Files</Filter>
    </ClCompile>
    <ClCompile Include="Source\Collision.cpp">
      <Filter>Source Files\Collision</Filter>
    </ClCompile>
    <ClCompile Include="Source\Terrain.cpp">
      <Filter>Source Files\Collision</Filter>
    </ClCompile>
  </ItemGroup>
  <ItemGroup>
    <None Include="Data\Shaders\DirectionalLightShader.frag">
      <Filter>Source Files\Shaders\Fragment</Filter>
    </None>
    <None Include="Data\Shaders\PointLightShader.frag">
      <Filter>Source Files\Shaders\Fragment</Filter>
    </None>
    <None Include="Data\Shaders\StencilShader.frag">
      <Filter>Source Files\Shaders\Fragment</Filter>
    </None>
    <None Include="Data\Shaders\DirectionalLightShader.vert">
      <Filter>Source Files\Shaders\Vertex</Filter>
    </None>
    <None Include="Data\Shaders\PointLightShader.vert">
      <Filter>Source Files\Shaders\Vertex</Filter>
    </None>
    <None Include="Data\Shaders\StencilShader.vert">
      <Filter>Source Files\Shaders\Vertex</Filter>
    </None>
    <None Include="Data\Shaders\CascadedShadowShader.frag">
      <Filter>Source Files\Shaders\Fragment</Filter>
    </None>
    <None Include="Data\Shaders\CascadedShadowShader.vert">
      <Filter>Source Files\Shaders\Vertex</Filter>
    </None>
    <None Include="Data\Shaders\SkyboxShader.frag">
      <Filter>Source Files\Shaders\Fragment</Filter>
    </None>
    <None Include="Data\Shaders\SkyboxShader.vert">
      <Filter>Source Files\Shaders\Vertex</Filter>
    </None>
    <None Include="Data\Shaders\GDiffuse.frag">
      <Filter>Source Files\Shaders\Fragment</Filter>
    </None>
    <None Include="Data\Shaders\GDiffuseAndNormal.frag">
      <Filter>Source Files\Shaders\Fragment</Filter>
    </None>
    <None Include="Data\Shaders\StaticMeshDiffuse.vert">
      <Filter>Source Files\Shaders\Vertex</Filter>
    </None>
    <None Include="Data\Shaders\BoneMeshDiffuse.vert">
      <Filter>Source Files\Shaders\Vertex</Filter>
    </None>
    <None Include="Data\Shaders\BoneMeshDiffuseAndNormal.vert">
      <Filter>Source Files\Shaders\Vertex</Filter>
    </None>
    <None Include="Data\Shaders\StaticMeshDiffuseAndNormal.vert">
      <Filter>Source Files\Shaders\Vertex</Filter>
    </None>
    <None Include="Data\Shaders\MeshShadow.frag">
      <Filter>Source Files\Shaders\Fragment</Filter>
    </None>
    <None Include="Data\Shaders\StaticMeshShadow.vert">
      <Filter>Source Files\Shaders\Vertex</Filter>
    </None>
    <None Include="Data\Shaders\BoneMeshShadow.vert">
      <Filter>Source Files\Shaders\Vertex</Filter>
    </None>
  </ItemGroup>
</Project>